
Microsoft Visual Studio Solution File, Format Version 12.00
# Visual Studio Version 16
VisualStudioVersion = 16.0.31702.278
MinimumVisualStudioVersion = 10.0.40219.1
Project("{FAE04EC0-301F-11D3-BF4B-00C04F79EFBC}") = "HW15", "HW15\HW15.csproj", "{BDF4755E-45BD-48D9-A306-CE008B8FB753}"
EndProject
Global
	GlobalSection(SolutionConfigurationPlatforms) = preSolution
		Debug|Any CPU = Debug|Any CPU
		Release|Any CPU = Release|Any CPU
	EndGlobalSection
	GlobalSection(ProjectConfigurationPlatforms) = postSolution
		{BDF4755E-45BD-48D9-A306-CE008B8FB753}.Debug|Any CPU.ActiveCfg = Debug|Any CPU
		{BDF4755E-45BD-48D9-A306-CE008B8FB753}.Debug|Any CPU.Build.0 = Debug|Any CPU
		{BDF4755E-45BD-48D9-A306-CE008B8FB753}.Release|Any CPU.ActiveCfg = Release|Any CPU
		{BDF4755E-45BD-48D9-A306-CE008B8FB753}.Release|Any CPU.Build.0 = Release|Any CPU
	EndGlobalSection
	GlobalSection(SolutionProperties) = preSolution
		HideSolutionNode = FALSE
	EndGlobalSection
	GlobalSection(ExtensibilityGlobals) = postSolution
		SolutionGuid = {96F4EA87-7CFD-46F8-AF71-7CDDD11240E0}
	EndGlobalSection
EndGlobal
